
Microsoft Visual Studio Solution File, Format Version 12.00
# Visual Studio 14
VisualStudioVersion = 14.0.25420.1
MinimumVisualStudioVersion = 10.0.40219.1
Project("{FAE04EC0-301F-11D3-BF4B-00C04F79EFBC}") = "Plugin.Midi", "Midi\Plugin.Midi\Plugin.Midi.csproj", "{A6FCEF44-D2BA-42C7-B3CB-13667BCD7B54}"
EndProject
Project("{FAE04EC0-301F-11D3-BF4B-00C04F79EFBC}") = "Plugin.Midi.Abstractions", "Midi\Plugin.Midi.Abstractions\Plugin.Midi.Abstractions.csproj", "{6EDB0588-FFC5-4EF5-8A99-9E241D0F878D}"
EndProject
Project("{FAE04EC0-301F-11D3-BF4B-00C04F79EFBC}") = "Plugin.Midi.iOSUnified", "Midi\Plugin.Midi.iOSUnified\Plugin.Midi.iOSUnified.csproj", "{2882AEEB-D4CD-4EB9-8A6C-6653B33681F0}"
EndProject
Project("{FAE04EC0-301F-11D3-BF4B-00C04F79EFBC}") = "Plugin.Midi.Android", "Midi\Plugin.Midi.Android\Plugin.Midi.Android.csproj", "{56A56F17-7DE1-4CA1-9617-BF32E971AC84}"
EndProject
Project("{FAE04EC0-301F-11D3-BF4B-00C04F79EFBC}") = "Plugin.Midi.WindowsStore", "Midi\Plugin.Midi.WindowsStore\Plugin.Midi.WindowsStore.csproj", "{ED9A4CA1-C04C-457D-9A2E-7995CCF12356}"
EndProject
Project("{FAE04EC0-301F-11D3-BF4B-00C04F79EFBC}") = "Plugin.Midi.UniversalWindows", "Midi\Plugin.Midi.UniversalWindows\Plugin.Midi.UniversalWindows.csproj", "{0873EB42-44BE-4B5E-B3D7-E4EEB734374C}"
EndProject
Project("{2150E333-8FDC-42A3-9474-1A3956D46DE8}") = "Library", "Library", "{96BA5712-5735-4A11-AC60-BEBD09B444DB}"
	ProjectSection(SolutionItems) = preProject
		Midi.Plugin.nuspec = Midi.Plugin.nuspec
	EndProjectSection
EndProject
Project("{2150E333-8FDC-42A3-9474-1A3956D46DE8}") = "Sample", "Sample", "{BAC7E08F-1F90-4A7B-882F-56CF864F15CF}"
EndProject
Project("{FAE04EC0-301F-11D3-BF4B-00C04F79EFBC}") = "MidiSample.Droid", "MidiSample\MidiSample.Droid\MidiSample.Droid.csproj", "{595E20AE-94A5-4B07-9FC6-C3AAD44C520E}"
EndProject
Project("{FAE04EC0-301F-11D3-BF4B-00C04F79EFBC}") = "MidiSample.WinPhone", "MidiSample\MidiSample.WinPhone\MidiSample.WinPhone.csproj", "{7DE5DD90-9F84-4DC8-9AE6-0F5178C97EF3}"
EndProject
Project("{FAE04EC0-301F-11D3-BF4B-00C04F79EFBC}") = "MidiSample.UWP", "MidiSample\MidiSample.UWP\MidiSample.UWP.csproj", "{43572BD9-53DA-4178-B21D-1E1E2EBBAD68}"
EndProject
Project("{FAE04EC0-301F-11D3-BF4B-00C04F79EFBC}") = "MidiSample.Windows", "MidiSample\MidiSample.Windows\MidiSample.Windows.csproj", "{AC97BEC5-8F96-474D-9B37-29A4356CEF89}"
EndProject
Project("{FAE04EC0-301F-11D3-BF4B-00C04F79EFBC}") = "MidiSample", "MidiSample\MidiSample\MidiSample.csproj", "{44E61FBA-6A36-4A18-9E51-F32521DC503E}"
EndProject
Project("{FAE04EC0-301F-11D3-BF4B-00C04F79EFBC}") = "MidiSample.iOS", "MidiSample\MidiSample.iOS\MidiSample.iOS.csproj", "{62071B49-4EF7-4528-B6B0-D8339B62EFA2}"
EndProject
Global
	GlobalSection(SolutionConfigurationPlatforms) = preSolution
		AppStore|Any CPU = AppStore|Any CPU
		AppStore|ARM = AppStore|ARM
		AppStore|x64 = AppStore|x64
		AppStore|x86 = AppStore|x86
		Debug|Any CPU = Debug|Any CPU
		Debug|ARM = Debug|ARM
		Debug|x64 = Debug|x64
		Debug|x86 = Debug|x86
		Release|Any CPU = Release|Any CPU
		Release|ARM = Release|ARM
		Release|x64 = Release|x64
		Release|x86 = Release|x86
		Debug|iPhoneSimulator = Debug|iPhoneSimulator
		Release|iPhoneSimulator = Release|iPhoneSimulator
		Debug|iPhone = Debug|iPhone
		Release|iPhone = Release|iPhone
		Ad-Hoc|iPhone = Ad-Hoc|iPhone
		AppStore|iPhone = AppStore|iPhone
	EndGlobalSection
	GlobalSection(ProjectConfigurationPlatforms) = postSolution
		{A6FCEF44-D2BA-42C7-B3CB-13667BCD7B54}.AppStore|Any CPU.ActiveCfg = Release|Any CPU
		{A6FCEF44-D2BA-42C7-B3CB-13667BCD7B54}.AppStore|Any CPU.Build.0 = Release|Any CPU
		{A6FCEF44-D2BA-42C7-B3CB-13667BCD7B54}.AppStore|ARM.ActiveCfg = Release|Any CPU
		{A6FCEF44-D2BA-42C7-B3CB-13667BCD7B54}.AppStore|ARM.Build.0 = Release|Any CPU
		{A6FCEF44-D2BA-42C7-B3CB-13667BCD7B54}.AppStore|x64.ActiveCfg = Release|Any CPU
		{A6FCEF44-D2BA-42C7-B3CB-13667BCD7B54}.AppStore|x64.Build.0 = Release|Any CPU
		{A6FCEF44-D2BA-42C7-B3CB-13667BCD7B54}.AppStore|x86.ActiveCfg = Release|Any CPU
		{A6FCEF44-D2BA-42C7-B3CB-13667BCD7B54}.AppStore|x86.Build.0 = Release|Any CPU
		{A6FCEF44-D2BA-42C7-B3CB-13667BCD7B54}.Debug|Any CPU.ActiveCfg = Debug|Any CPU
		{A6FCEF44-D2BA-42C7-B3CB-13667BCD7B54}.Debug|Any CPU.Build.0 = Debug|Any CPU
		{A6FCEF44-D2BA-42C7-B3CB-13667BCD7B54}.Debug|ARM.ActiveCfg = Debug|Any CPU
		{A6FCEF44-D2BA-42C7-B3CB-13667BCD7B54}.Debug|ARM.Build.0 = Debug|Any CPU
		{A6FCEF44-D2BA-42C7-B3CB-13667BCD7B54}.Debug|x64.ActiveCfg = Debug|Any CPU
		{A6FCEF44-D2BA-42C7-B3CB-13667BCD7B54}.Debug|x64.Build.0 = Debug|Any CPU
		{A6FCEF44-D2BA-42C7-B3CB-13667BCD7B54}.Debug|x86.ActiveCfg = Debug|Any CPU
		{A6FCEF44-D2BA-42C7-B3CB-13667BCD7B54}.Debug|x86.Build.0 = Debug|Any CPU
		{A6FCEF44-D2BA-42C7-B3CB-13667BCD7B54}.Release|Any CPU.ActiveCfg = Release|Any CPU
		{A6FCEF44-D2BA-42C7-B3CB-13667BCD7B54}.Release|Any CPU.Build.0 = Release|Any CPU
		{A6FCEF44-D2BA-42C7-B3CB-13667BCD7B54}.Release|ARM.ActiveCfg = Release|Any CPU
		{A6FCEF44-D2BA-42C7-B3CB-13667BCD7B54}.Release|ARM.Build.0 = Release|Any CPU
		{A6FCEF44-D2BA-42C7-B3CB-13667BCD7B54}.Release|x64.ActiveCfg = Release|Any CPU
		{A6FCEF44-D2BA-42C7-B3CB-13667BCD7B54}.Release|x64.Build.0 = Release|Any CPU
		{A6FCEF44-D2BA-42C7-B3CB-13667BCD7B54}.Release|x86.ActiveCfg = Release|Any CPU
		{A6FCEF44-D2BA-42C7-B3CB-13667BCD7B54}.Release|x86.Build.0 = Release|Any CPU
		{A6FCEF44-D2BA-42C7-B3CB-13667BCD7B54}.Debug|iPhoneSimulator.ActiveCfg = Debug|Any CPU
		{A6FCEF44-D2BA-42C7-B3CB-13667BCD7B54}.Debug|iPhoneSimulator.Build.0 = Debug|Any CPU
		{A6FCEF44-D2BA-42C7-B3CB-13667BCD7B54}.Release|iPhoneSimulator.ActiveCfg = Release|Any CPU
		{A6FCEF44-D2BA-42C7-B3CB-13667BCD7B54}.Release|iPhoneSimulator.Build.0 = Release|Any CPU
		{A6FCEF44-D2BA-42C7-B3CB-13667BCD7B54}.Debug|iPhone.ActiveCfg = Debug|Any CPU
		{A6FCEF44-D2BA-42C7-B3CB-13667BCD7B54}.Debug|iPhone.Build.0 = Debug|Any CPU
		{A6FCEF44-D2BA-42C7-B3CB-13667BCD7B54}.Release|iPhone.ActiveCfg = Release|Any CPU
		{A6FCEF44-D2BA-42C7-B3CB-13667BCD7B54}.Release|iPhone.Build.0 = Release|Any CPU
		{A6FCEF44-D2BA-42C7-B3CB-13667BCD7B54}.Ad-Hoc|iPhone.ActiveCfg = Debug|Any CPU
		{A6FCEF44-D2BA-42C7-B3CB-13667BCD7B54}.Ad-Hoc|iPhone.Build.0 = Debug|Any CPU
		{A6FCEF44-D2BA-42C7-B3CB-13667BCD7B54}.AppStore|iPhone.ActiveCfg = Debug|Any CPU
		{A6FCEF44-D2BA-42C7-B3CB-13667BCD7B54}.AppStore|iPhone.Build.0 = Debug|Any CPU
		{6EDB0588-FFC5-4EF5-8A99-9E241D0F878D}.AppStore|Any CPU.ActiveCfg = Release|Any CPU
		{6EDB0588-FFC5-4EF5-8A99-9E241D0F878D}.AppStore|Any CPU.Build.0 = Release|Any CPU
		{6EDB0588-FFC5-4EF5-8A99-9E241D0F878D}.AppStore|ARM.ActiveCfg = Release|Any CPU
		{6EDB0588-FFC5-4EF5-8A99-9E241D0F878D}.AppStore|ARM.Build.0 = Release|Any CPU
		{6EDB0588-FFC5-4EF5-8A99-9E241D0F878D}.AppStore|x64.ActiveCfg = Release|Any CPU
		{6EDB0588-FFC5-4EF5-8A99-9E241D0F878D}.AppStore|x64.Build.0 = Release|Any CPU
		{6EDB0588-FFC5-4EF5-8A99-9E241D0F878D}.AppStore|x86.ActiveCfg = Release|Any CPU
		{6EDB0588-FFC5-4EF5-8A99-9E241D0F878D}.AppStore|x86.Build.0 = Release|Any CPU
		{6EDB0588-FFC5-4EF5-8A99-9E241D0F878D}.Debug|Any CPU.ActiveCfg = Debug|Any CPU
		{6EDB0588-FFC5-4EF5-8A99-9E241D0F878D}.Debug|Any CPU.Build.0 = Debug|Any CPU
		{6EDB0588-FFC5-4EF5-8A99-9E241D0F878D}.Debug|ARM.ActiveCfg = Debug|Any CPU
		{6EDB0588-FFC5-4EF5-8A99-9E241D0F878D}.Debug|ARM.Build.0 = Debug|Any CPU
		{6EDB0588-FFC5-4EF5-8A99-9E241D0F878D}.Debug|x64.ActiveCfg = Debug|Any CPU
		{6EDB0588-FFC5-4EF5-8A99-9E241D0F878D}.Debug|x64.Build.0 = Debug|Any CPU
		{6EDB0588-FFC5-4EF5-8A99-9E241D0F878D}.Debug|x86.ActiveCfg = Debug|Any CPU
		{6EDB0588-FFC5-4EF5-8A99-9E241D0F878D}.Debug|x86.Build.0 = Debug|Any CPU
		{6EDB0588-FFC5-4EF5-8A99-9E241D0F878D}.Release|Any CPU.ActiveCfg = Release|Any CPU
		{6EDB0588-FFC5-4EF5-8A99-9E241D0F878D}.Release|Any CPU.Build.0 = Release|Any CPU
		{6EDB0588-FFC5-4EF5-8A99-9E241D0F878D}.Release|ARM.ActiveCfg = Release|Any CPU
		{6EDB0588-FFC5-4EF5-8A99-9E241D0F878D}.Release|ARM.Build.0 = Release|Any CPU
		{6EDB0588-FFC5-4EF5-8A99-9E241D0F878D}.Release|x64.ActiveCfg = Release|Any CPU
		{6EDB0588-FFC5-4EF5-8A99-9E241D0F878D}.Release|x64.Build.0 = Release|Any CPU
		{6EDB0588-FFC5-4EF5-8A99-9E241D0F878D}.Release|x86.ActiveCfg = Release|Any CPU
		{6EDB0588-FFC5-4EF5-8A99-9E241D0F878D}.Release|x86.Build.0 = Release|Any CPU
		{6EDB0588-FFC5-4EF5-8A99-9E241D0F878D}.Debug|iPhoneSimulator.ActiveCfg = Debug|Any CPU
		{6EDB0588-FFC5-4EF5-8A99-9E241D0F878D}.Debug|iPhoneSimulator.Build.0 = Debug|Any CPU
		{6EDB0588-FFC5-4EF5-8A99-9E241D0F878D}.Release|iPhoneSimulator.ActiveCfg = Release|Any CPU
		{6EDB0588-FFC5-4EF5-8A99-9E241D0F878D}.Release|iPhoneSimulator.Build.0 = Release|Any CPU
		{6EDB0588-FFC5-4EF5-8A99-9E241D0F878D}.Debug|iPhone.ActiveCfg = Debug|Any CPU
		{6EDB0588-FFC5-4EF5-8A99-9E241D0F878D}.Debug|iPhone.Build.0 = Debug|Any CPU
		{6EDB0588-FFC5-4EF5-8A99-9E241D0F878D}.Release|iPhone.ActiveCfg = Release|Any CPU
		{6EDB0588-FFC5-4EF5-8A99-9E241D0F878D}.Release|iPhone.Build.0 = Release|Any CPU
		{6EDB0588-FFC5-4EF5-8A99-9E241D0F878D}.Ad-Hoc|iPhone.ActiveCfg = Debug|Any CPU
		{6EDB0588-FFC5-4EF5-8A99-9E241D0F878D}.Ad-Hoc|iPhone.Build.0 = Debug|Any CPU
		{6EDB0588-FFC5-4EF5-8A99-9E241D0F878D}.AppStore|iPhone.ActiveCfg = Debug|Any CPU
		{6EDB0588-FFC5-4EF5-8A99-9E241D0F878D}.AppStore|iPhone.Build.0 = Debug|Any CPU
		{2882AEEB-D4CD-4EB9-8A6C-6653B33681F0}.AppStore|Any CPU.ActiveCfg = Release|Any CPU
		{2882AEEB-D4CD-4EB9-8A6C-6653B33681F0}.AppStore|Any CPU.Build.0 = Release|Any CPU
		{2882AEEB-D4CD-4EB9-8A6C-6653B33681F0}.AppStore|ARM.ActiveCfg = Release|Any CPU
		{2882AEEB-D4CD-4EB9-8A6C-6653B33681F0}.AppStore|ARM.Build.0 = Release|Any CPU
		{2882AEEB-D4CD-4EB9-8A6C-6653B33681F0}.AppStore|x64.ActiveCfg = Release|Any CPU
		{2882AEEB-D4CD-4EB9-8A6C-6653B33681F0}.AppStore|x64.Build.0 = Release|Any CPU
		{2882AEEB-D4CD-4EB9-8A6C-6653B33681F0}.AppStore|x86.ActiveCfg = Release|Any CPU
		{2882AEEB-D4CD-4EB9-8A6C-6653B33681F0}.AppStore|x86.Build.0 = Release|Any CPU
		{2882AEEB-D4CD-4EB9-8A6C-6653B33681F0}.Debug|Any CPU.ActiveCfg = Debug|Any CPU
		{2882AEEB-D4CD-4EB9-8A6C-6653B33681F0}.Debug|Any CPU.Build.0 = Debug|Any CPU
		{2882AEEB-D4CD-4EB9-8A6C-6653B33681F0}.Debug|ARM.ActiveCfg = Debug|Any CPU
		{2882AEEB-D4CD-4EB9-8A6C-6653B33681F0}.Debug|ARM.Build.0 = Debug|Any CPU
		{2882AEEB-D4CD-4EB9-8A6C-6653B33681F0}.Debug|x64.ActiveCfg = Debug|Any CPU
		{2882AEEB-D4CD-4EB9-8A6C-6653B33681F0}.Debug|x64.Build.0 = Debug|Any CPU
		{2882AEEB-D4CD-4EB9-8A6C-6653B33681F0}.Debug|x86.ActiveCfg = Debug|Any CPU
		{2882AEEB-D4CD-4EB9-8A6C-6653B33681F0}.Debug|x86.Build.0 = Debug|Any CPU
		{2882AEEB-D4CD-4EB9-8A6C-6653B33681F0}.Release|Any CPU.ActiveCfg = Release|Any CPU
		{2882AEEB-D4CD-4EB9-8A6C-6653B33681F0}.Release|Any CPU.Build.0 = Release|Any CPU
		{2882AEEB-D4CD-4EB9-8A6C-6653B33681F0}.Release|ARM.ActiveCfg = Release|Any CPU
		{2882AEEB-D4CD-4EB9-8A6C-6653B33681F0}.Release|ARM.Build.0 = Release|Any CPU
		{2882AEEB-D4CD-4EB9-8A6C-6653B33681F0}.Release|x64.ActiveCfg = Release|Any CPU
		{2882AEEB-D4CD-4EB9-8A6C-6653B33681F0}.Release|x64.Build.0 = Release|Any CPU
		{2882AEEB-D4CD-4EB9-8A6C-6653B33681F0}.Release|x86.ActiveCfg = Release|Any CPU
		{2882AEEB-D4CD-4EB9-8A6C-6653B33681F0}.Release|x86.Build.0 = Release|Any CPU
		{2882AEEB-D4CD-4EB9-8A6C-6653B33681F0}.Debug|iPhoneSimulator.ActiveCfg = Debug|Any CPU
		{2882AEEB-D4CD-4EB9-8A6C-6653B33681F0}.Debug|iPhoneSimulator.Build.0 = Debug|Any CPU
		{2882AEEB-D4CD-4EB9-8A6C-6653B33681F0}.Release|iPhoneSimulator.ActiveCfg = Release|Any CPU
		{2882AEEB-D4CD-4EB9-8A6C-6653B33681F0}.Release|iPhoneSimulator.Build.0 = Release|Any CPU
		{2882AEEB-D4CD-4EB9-8A6C-6653B33681F0}.Debug|iPhone.ActiveCfg = Debug|Any CPU
		{2882AEEB-D4CD-4EB9-8A6C-6653B33681F0}.Debug|iPhone.Build.0 = Debug|Any CPU
		{2882AEEB-D4CD-4EB9-8A6C-6653B33681F0}.Release|iPhone.ActiveCfg = Release|Any CPU
		{2882AEEB-D4CD-4EB9-8A6C-6653B33681F0}.Release|iPhone.Build.0 = Release|Any CPU
		{2882AEEB-D4CD-4EB9-8A6C-6653B33681F0}.Ad-Hoc|iPhone.ActiveCfg = Debug|Any CPU
		{2882AEEB-D4CD-4EB9-8A6C-6653B33681F0}.Ad-Hoc|iPhone.Build.0 = Debug|Any CPU
		{2882AEEB-D4CD-4EB9-8A6C-6653B33681F0}.AppStore|iPhone.ActiveCfg = Debug|Any CPU
		{2882AEEB-D4CD-4EB9-8A6C-6653B33681F0}.AppStore|iPhone.Build.0 = Debug|Any CPU
		{56A56F17-7DE1-4CA1-9617-BF32E971AC84}.AppStore|Any CPU.ActiveCfg = Release|Any CPU
		{56A56F17-7DE1-4CA1-9617-BF32E971AC84}.AppStore|Any CPU.Build.0 = Release|Any CPU
		{56A56F17-7DE1-4CA1-9617-BF32E971AC84}.AppStore|ARM.ActiveCfg = Release|Any CPU
		{56A56F17-7DE1-4CA1-9617-BF32E971AC84}.AppStore|ARM.Build.0 = Release|Any CPU
		{56A56F17-7DE1-4CA1-9617-BF32E971AC84}.AppStore|x64.ActiveCfg = Release|Any CPU
		{56A56F17-7DE1-4CA1-9617-BF32E971AC84}.AppStore|x64.Build.0 = Release|Any CPU
		{56A56F17-7DE1-4CA1-9617-BF32E971AC84}.AppStore|x86.ActiveCfg = Release|Any CPU
		{56A56F17-7DE1-4CA1-9617-BF32E971AC84}.AppStore|x86.Build.0 = Release|Any CPU
		{56A56F17-7DE1-4CA1-9617-BF32E971AC84}.Debug|Any CPU.ActiveCfg = Debug|Any CPU
		{56A56F17-7DE1-4CA1-9617-BF32E971AC84}.Debug|Any CPU.Build.0 = Debug|Any CPU
		{56A56F17-7DE1-4CA1-9617-BF32E971AC84}.Debug|ARM.ActiveCfg = Debug|Any CPU
		{56A56F17-7DE1-4CA1-9617-BF32E971AC84}.Debug|ARM.Build.0 = Debug|Any CPU
		{56A56F17-7DE1-4CA1-9617-BF32E971AC84}.Debug|x64.ActiveCfg = Debug|Any CPU
		{56A56F17-7DE1-4CA1-9617-BF32E971AC84}.Debug|x64.Build.0 = Debug|Any CPU
		{56A56F17-7DE1-4CA1-9617-BF32E971AC84}.Debug|x86.ActiveCfg = Debug|Any CPU
		{56A56F17-7DE1-4CA1-9617-BF32E971AC84}.Debug|x86.Build.0 = Debug|Any CPU
		{56A56F17-7DE1-4CA1-9617-BF32E971AC84}.Release|Any CPU.ActiveCfg = Release|Any CPU
		{56A56F17-7DE1-4CA1-9617-BF32E971AC84}.Release|Any CPU.Build.0 = Release|Any CPU
		{56A56F17-7DE1-4CA1-9617-BF32E971AC84}.Release|ARM.ActiveCfg = Release|Any CPU
		{56A56F17-7DE1-4CA1-9617-BF32E971AC84}.Release|ARM.Build.0 = Release|Any CPU
		{56A56F17-7DE1-4CA1-9617-BF32E971AC84}.Release|x64.ActiveCfg = Release|Any CPU
		{56A56F17-7DE1-4CA1-9617-BF32E971AC84}.Release|x64.Build.0 = Release|Any CPU
		{56A56F17-7DE1-4CA1-9617-BF32E971AC84}.Release|x86.ActiveCfg = Release|Any CPU
		{56A56F17-7DE1-4CA1-9617-BF32E971AC84}.Release|x86.Build.0 = Release|Any CPU
		{56A56F17-7DE1-4CA1-9617-BF32E971AC84}.Debug|iPhoneSimulator.ActiveCfg = Debug|Any CPU
		{56A56F17-7DE1-4CA1-9617-BF32E971AC84}.Debug|iPhoneSimulator.Build.0 = Debug|Any CPU
		{56A56F17-7DE1-4CA1-9617-BF32E971AC84}.Release|iPhoneSimulator.ActiveCfg = Release|Any CPU
		{56A56F17-7DE1-4CA1-9617-BF32E971AC84}.Release|iPhoneSimulator.Build.0 = Release|Any CPU
		{56A56F17-7DE1-4CA1-9617-BF32E971AC84}.Debug|iPhone.ActiveCfg = Debug|Any CPU
		{56A56F17-7DE1-4CA1-9617-BF32E971AC84}.Debug|iPhone.Build.0 = Debug|Any CPU
		{56A56F17-7DE1-4CA1-9617-BF32E971AC84}.Release|iPhone.ActiveCfg = Release|Any CPU
		{56A56F17-7DE1-4CA1-9617-BF32E971AC84}.Release|iPhone.Build.0 = Release|Any CPU
		{56A56F17-7DE1-4CA1-9617-BF32E971AC84}.Ad-Hoc|iPhone.ActiveCfg = Debug|Any CPU
		{56A56F17-7DE1-4CA1-9617-BF32E971AC84}.Ad-Hoc|iPhone.Build.0 = Debug|Any CPU
		{56A56F17-7DE1-4CA1-9617-BF32E971AC84}.AppStore|iPhone.ActiveCfg = Debug|Any CPU
		{56A56F17-7DE1-4CA1-9617-BF32E971AC84}.AppStore|iPhone.Build.0 = Debug|Any CPU
		{ED9A4CA1-C04C-457D-9A2E-7995CCF12356}.AppStore|Any CPU.ActiveCfg = Release|Any CPU
		{ED9A4CA1-C04C-457D-9A2E-7995CCF12356}.AppStore|Any CPU.Build.0 = Release|Any CPU
		{ED9A4CA1-C04C-457D-9A2E-7995CCF12356}.AppStore|ARM.ActiveCfg = Release|ARM
		{ED9A4CA1-C04C-457D-9A2E-7995CCF12356}.AppStore|ARM.Build.0 = Release|ARM
		{ED9A4CA1-C04C-457D-9A2E-7995CCF12356}.AppStore|x64.ActiveCfg = Release|x64
		{ED9A4CA1-C04C-457D-9A2E-7995CCF12356}.AppStore|x64.Build.0 = Release|x64
		{ED9A4CA1-C04C-457D-9A2E-7995CCF12356}.AppStore|x86.ActiveCfg = Release|x86
		{ED9A4CA1-C04C-457D-9A2E-7995CCF12356}.AppStore|x86.Build.0 = Release|x86
		{ED9A4CA1-C04C-457D-9A2E-7995CCF12356}.Debug|Any CPU.ActiveCfg = Debug|Any CPU
		{ED9A4CA1-C04C-457D-9A2E-7995CCF12356}.Debug|Any CPU.Build.0 = Debug|Any CPU
		{ED9A4CA1-C04C-457D-9A2E-7995CCF12356}.Debug|ARM.ActiveCfg = Debug|ARM
		{ED9A4CA1-C04C-457D-9A2E-7995CCF12356}.Debug|ARM.Build.0 = Debug|ARM
		{ED9A4CA1-C04C-457D-9A2E-7995CCF12356}.Debug|x64.ActiveCfg = Debug|x64
		{ED9A4CA1-C04C-457D-9A2E-7995CCF12356}.Debug|x64.Build.0 = Debug|x64
		{ED9A4CA1-C04C-457D-9A2E-7995CCF12356}.Debug|x86.ActiveCfg = Debug|x86
		{ED9A4CA1-C04C-457D-9A2E-7995CCF12356}.Debug|x86.Build.0 = Debug|x86
		{ED9A4CA1-C04C-457D-9A2E-7995CCF12356}.Release|Any CPU.ActiveCfg = Release|Any CPU
		{ED9A4CA1-C04C-457D-9A2E-7995CCF12356}.Release|Any CPU.Build.0 = Release|Any CPU
		{ED9A4CA1-C04C-457D-9A2E-7995CCF12356}.Release|ARM.ActiveCfg = Release|ARM
		{ED9A4CA1-C04C-457D-9A2E-7995CCF12356}.Release|ARM.Build.0 = Release|ARM
		{ED9A4CA1-C04C-457D-9A2E-7995CCF12356}.Release|x64.ActiveCfg = Release|x64
		{ED9A4CA1-C04C-457D-9A2E-7995CCF12356}.Release|x64.Build.0 = Release|x64
		{ED9A4CA1-C04C-457D-9A2E-7995CCF12356}.Release|x86.ActiveCfg = Release|x86
		{ED9A4CA1-C04C-457D-9A2E-7995CCF12356}.Release|x86.Build.0 = Release|x86
		{ED9A4CA1-C04C-457D-9A2E-7995CCF12356}.Debug|iPhoneSimulator.ActiveCfg = Debug|Any CPU
		{ED9A4CA1-C04C-457D-9A2E-7995CCF12356}.Debug|iPhoneSimulator.Build.0 = Debug|Any CPU
		{ED9A4CA1-C04C-457D-9A2E-7995CCF12356}.Release|iPhoneSimulator.ActiveCfg = Release|Any CPU
		{ED9A4CA1-C04C-457D-9A2E-7995CCF12356}.Release|iPhoneSimulator.Build.0 = Release|Any CPU
		{ED9A4CA1-C04C-457D-9A2E-7995CCF12356}.Debug|iPhone.ActiveCfg = Debug|Any CPU
		{ED9A4CA1-C04C-457D-9A2E-7995CCF12356}.Debug|iPhone.Build.0 = Debug|Any CPU
		{ED9A4CA1-C04C-457D-9A2E-7995CCF12356}.Release|iPhone.ActiveCfg = Release|Any CPU
		{ED9A4CA1-C04C-457D-9A2E-7995CCF12356}.Release|iPhone.Build.0 = Release|Any CPU
		{ED9A4CA1-C04C-457D-9A2E-7995CCF12356}.Ad-Hoc|iPhone.ActiveCfg = Debug|Any CPU
		{ED9A4CA1-C04C-457D-9A2E-7995CCF12356}.Ad-Hoc|iPhone.Build.0 = Debug|Any CPU
		{ED9A4CA1-C04C-457D-9A2E-7995CCF12356}.AppStore|iPhone.ActiveCfg = Debug|Any CPU
		{ED9A4CA1-C04C-457D-9A2E-7995CCF12356}.AppStore|iPhone.Build.0 = Debug|Any CPU
		{0873EB42-44BE-4B5E-B3D7-E4EEB734374C}.AppStore|Any CPU.ActiveCfg = Release|Any CPU
		{0873EB42-44BE-4B5E-B3D7-E4EEB734374C}.AppStore|Any CPU.Build.0 = Release|Any CPU
		{0873EB42-44BE-4B5E-B3D7-E4EEB734374C}.AppStore|ARM.ActiveCfg = Release|ARM
		{0873EB42-44BE-4B5E-B3D7-E4EEB734374C}.AppStore|ARM.Build.0 = Release|ARM
		{0873EB42-44BE-4B5E-B3D7-E4EEB734374C}.AppStore|x64.ActiveCfg = Release|x64
		{0873EB42-44BE-4B5E-B3D7-E4EEB734374C}.AppStore|x64.Build.0 = Release|x64
		{0873EB42-44BE-4B5E-B3D7-E4EEB734374C}.AppStore|x86.ActiveCfg = Release|x86
		{0873EB42-44BE-4B5E-B3D7-E4EEB734374C}.AppStore|x86.Build.0 = Release|x86
		{0873EB42-44BE-4B5E-B3D7-E4EEB734374C}.Debug|Any CPU.ActiveCfg = Debug|Any CPU
		{0873EB42-44BE-4B5E-B3D7-E4EEB734374C}.Debug|Any CPU.Build.0 = Debug|Any CPU
		{0873EB42-44BE-4B5E-B3D7-E4EEB734374C}.Debug|ARM.ActiveCfg = Debug|ARM
		{0873EB42-44BE-4B5E-B3D7-E4EEB734374C}.Debug|ARM.Build.0 = Debug|ARM
		{0873EB42-44BE-4B5E-B3D7-E4EEB734374C}.Debug|x64.ActiveCfg = Debug|x64
		{0873EB42-44BE-4B5E-B3D7-E4EEB734374C}.Debug|x64.Build.0 = Debug|x64
		{0873EB42-44BE-4B5E-B3D7-E4EEB734374C}.Debug|x86.ActiveCfg = Debug|x86
		{0873EB42-44BE-4B5E-B3D7-E4EEB734374C}.Debug|x86.Build.0 = Debug|x86
		{0873EB42-44BE-4B5E-B3D7-E4EEB734374C}.Release|Any CPU.ActiveCfg = Release|Any CPU
		{0873EB42-44BE-4B5E-B3D7-E4EEB734374C}.Release|Any CPU.Build.0 = Release|Any CPU
		{0873EB42-44BE-4B5E-B3D7-E4EEB734374C}.Release|ARM.ActiveCfg = Release|ARM
		{0873EB42-44BE-4B5E-B3D7-E4EEB734374C}.Release|ARM.Build.0 = Release|ARM
		{0873EB42-44BE-4B5E-B3D7-E4EEB734374C}.Release|x64.ActiveCfg = Release|x64
		{0873EB42-44BE-4B5E-B3D7-E4EEB734374C}.Release|x64.Build.0 = Release|x64
		{0873EB42-44BE-4B5E-B3D7-E4EEB734374C}.Release|x86.ActiveCfg = Release|x86
		{0873EB42-44BE-4B5E-B3D7-E4EEB734374C}.Release|x86.Build.0 = Release|x86
		{0873EB42-44BE-4B5E-B3D7-E4EEB734374C}.Debug|iPhoneSimulator.ActiveCfg = Debug|Any CPU
		{0873EB42-44BE-4B5E-B3D7-E4EEB734374C}.Debug|iPhoneSimulator.Build.0 = Debug|Any CPU
		{0873EB42-44BE-4B5E-B3D7-E4EEB734374C}.Release|iPhoneSimulator.ActiveCfg = Release|Any CPU
		{0873EB42-44BE-4B5E-B3D7-E4EEB734374C}.Release|iPhoneSimulator.Build.0 = Release|Any CPU
		{0873EB42-44BE-4B5E-B3D7-E4EEB734374C}.Debug|iPhone.ActiveCfg = Debug|Any CPU
		{0873EB42-44BE-4B5E-B3D7-E4EEB734374C}.Debug|iPhone.Build.0 = Debug|Any CPU
		{0873EB42-44BE-4B5E-B3D7-E4EEB734374C}.Release|iPhone.ActiveCfg = Release|Any CPU
		{0873EB42-44BE-4B5E-B3D7-E4EEB734374C}.Release|iPhone.Build.0 = Release|Any CPU
		{0873EB42-44BE-4B5E-B3D7-E4EEB734374C}.Ad-Hoc|iPhone.ActiveCfg = Debug|Any CPU
		{0873EB42-44BE-4B5E-B3D7-E4EEB734374C}.Ad-Hoc|iPhone.Build.0 = Debug|Any CPU
		{0873EB42-44BE-4B5E-B3D7-E4EEB734374C}.AppStore|iPhone.ActiveCfg = Debug|Any CPU
		{0873EB42-44BE-4B5E-B3D7-E4EEB734374C}.AppStore|iPhone.Build.0 = Debug|Any CPU
		{595E20AE-94A5-4B07-9FC6-C3AAD44C520E}.AppStore|Any CPU.ActiveCfg = Release|Any CPU
		{595E20AE-94A5-4B07-9FC6-C3AAD44C520E}.AppStore|Any CPU.Build.0 = Release|Any CPU
		{595E20AE-94A5-4B07-9FC6-C3AAD44C520E}.AppStore|Any CPU.Deploy.0 = Release|Any CPU
		{595E20AE-94A5-4B07-9FC6-C3AAD44C520E}.AppStore|ARM.ActiveCfg = Release|Any CPU
		{595E20AE-94A5-4B07-9FC6-C3AAD44C520E}.AppStore|ARM.Build.0 = Release|Any CPU
		{595E20AE-94A5-4B07-9FC6-C3AAD44C520E}.AppStore|ARM.Deploy.0 = Release|Any CPU
		{595E20AE-94A5-4B07-9FC6-C3AAD44C520E}.AppStore|x64.ActiveCfg = Release|Any CPU
		{595E20AE-94A5-4B07-9FC6-C3AAD44C520E}.AppStore|x64.Build.0 = Release|Any CPU
		{595E20AE-94A5-4B07-9FC6-C3AAD44C520E}.AppStore|x64.Deploy.0 = Release|Any CPU
		{595E20AE-94A5-4B07-9FC6-C3AAD44C520E}.AppStore|x86.ActiveCfg = Release|Any CPU
		{595E20AE-94A5-4B07-9FC6-C3AAD44C520E}.AppStore|x86.Build.0 = Release|Any CPU
		{595E20AE-94A5-4B07-9FC6-C3AAD44C520E}.AppStore|x86.Deploy.0 = Release|Any CPU
		{595E20AE-94A5-4B07-9FC6-C3AAD44C520E}.Debug|Any CPU.ActiveCfg = Debug|Any CPU
		{595E20AE-94A5-4B07-9FC6-C3AAD44C520E}.Debug|Any CPU.Build.0 = Debug|Any CPU
		{595E20AE-94A5-4B07-9FC6-C3AAD44C520E}.Debug|Any CPU.Deploy.0 = Debug|Any CPU
		{595E20AE-94A5-4B07-9FC6-C3AAD44C520E}.Debug|ARM.ActiveCfg = Debug|Any CPU
		{595E20AE-94A5-4B07-9FC6-C3AAD44C520E}.Debug|ARM.Build.0 = Debug|Any CPU
		{595E20AE-94A5-4B07-9FC6-C3AAD44C520E}.Debug|ARM.Deploy.0 = Debug|Any CPU
		{595E20AE-94A5-4B07-9FC6-C3AAD44C520E}.Debug|x64.ActiveCfg = Debug|Any CPU
		{595E20AE-94A5-4B07-9FC6-C3AAD44C520E}.Debug|x64.Build.0 = Debug|Any CPU
		{595E20AE-94A5-4B07-9FC6-C3AAD44C520E}.Debug|x64.Deploy.0 = Debug|Any CPU
		{595E20AE-94A5-4B07-9FC6-C3AAD44C520E}.Debug|x86.ActiveCfg = Debug|Any CPU
		{595E20AE-94A5-4B07-9FC6-C3AAD44C520E}.Debug|x86.Build.0 = Debug|Any CPU
		{595E20AE-94A5-4B07-9FC6-C3AAD44C520E}.Debug|x86.Deploy.0 = Debug|Any CPU
		{595E20AE-94A5-4B07-9FC6-C3AAD44C520E}.Release|Any CPU.ActiveCfg = Release|Any CPU
		{595E20AE-94A5-4B07-9FC6-C3AAD44C520E}.Release|Any CPU.Build.0 = Release|Any CPU
		{595E20AE-94A5-4B07-9FC6-C3AAD44C520E}.Release|Any CPU.Deploy.0 = Release|Any CPU
		{595E20AE-94A5-4B07-9FC6-C3AAD44C520E}.Release|ARM.ActiveCfg = Release|Any CPU
		{595E20AE-94A5-4B07-9FC6-C3AAD44C520E}.Release|ARM.Build.0 = Release|Any CPU
		{595E20AE-94A5-4B07-9FC6-C3AAD44C520E}.Release|ARM.Deploy.0 = Release|Any CPU
		{595E20AE-94A5-4B07-9FC6-C3AAD44C520E}.Release|x64.ActiveCfg = Release|Any CPU
		{595E20AE-94A5-4B07-9FC6-C3AAD44C520E}.Release|x64.Build.0 = Release|Any CPU
		{595E20AE-94A5-4B07-9FC6-C3AAD44C520E}.Release|x64.Deploy.0 = Release|Any CPU
		{595E20AE-94A5-4B07-9FC6-C3AAD44C520E}.Release|x86.ActiveCfg = Release|Any CPU
		{595E20AE-94A5-4B07-9FC6-C3AAD44C520E}.Release|x86.Build.0 = Release|Any CPU
		{595E20AE-94A5-4B07-9FC6-C3AAD44C520E}.Release|x86.Deploy.0 = Release|Any CPU
		{595E20AE-94A5-4B07-9FC6-C3AAD44C520E}.Debug|iPhoneSimulator.ActiveCfg = Debug|Any CPU
		{595E20AE-94A5-4B07-9FC6-C3AAD44C520E}.Debug|iPhoneSimulator.Build.0 = Debug|Any CPU
		{595E20AE-94A5-4B07-9FC6-C3AAD44C520E}.Release|iPhoneSimulator.ActiveCfg = Release|Any CPU
		{595E20AE-94A5-4B07-9FC6-C3AAD44C520E}.Release|iPhoneSimulator.Build.0 = Release|Any CPU
		{595E20AE-94A5-4B07-9FC6-C3AAD44C520E}.Debug|iPhone.ActiveCfg = Debug|Any CPU
		{595E20AE-94A5-4B07-9FC6-C3AAD44C520E}.Debug|iPhone.Build.0 = Debug|Any CPU
		{595E20AE-94A5-4B07-9FC6-C3AAD44C520E}.Release|iPhone.ActiveCfg = Release|Any CPU
		{595E20AE-94A5-4B07-9FC6-C3AAD44C520E}.Release|iPhone.Build.0 = Release|Any CPU
		{595E20AE-94A5-4B07-9FC6-C3AAD44C520E}.Ad-Hoc|iPhone.ActiveCfg = Debug|Any CPU
		{595E20AE-94A5-4B07-9FC6-C3AAD44C520E}.Ad-Hoc|iPhone.Build.0 = Debug|Any CPU
		{595E20AE-94A5-4B07-9FC6-C3AAD44C520E}.AppStore|iPhone.ActiveCfg = Debug|Any CPU
		{595E20AE-94A5-4B07-9FC6-C3AAD44C520E}.AppStore|iPhone.Build.0 = Debug|Any CPU
		{7DE5DD90-9F84-4DC8-9AE6-0F5178C97EF3}.AppStore|Any CPU.ActiveCfg = Release|Any CPU
		{7DE5DD90-9F84-4DC8-9AE6-0F5178C97EF3}.AppStore|Any CPU.Build.0 = Release|Any CPU
		{7DE5DD90-9F84-4DC8-9AE6-0F5178C97EF3}.AppStore|Any CPU.Deploy.0 = Release|Any CPU
		{7DE5DD90-9F84-4DC8-9AE6-0F5178C97EF3}.AppStore|ARM.ActiveCfg = Release|ARM
		{7DE5DD90-9F84-4DC8-9AE6-0F5178C97EF3}.AppStore|ARM.Build.0 = Release|ARM
		{7DE5DD90-9F84-4DC8-9AE6-0F5178C97EF3}.AppStore|ARM.Deploy.0 = Release|ARM
		{7DE5DD90-9F84-4DC8-9AE6-0F5178C97EF3}.AppStore|x64.ActiveCfg = Release|Any CPU
		{7DE5DD90-9F84-4DC8-9AE6-0F5178C97EF3}.AppStore|x64.Build.0 = Release|Any CPU
		{7DE5DD90-9F84-4DC8-9AE6-0F5178C97EF3}.AppStore|x64.Deploy.0 = Release|Any CPU
		{7DE5DD90-9F84-4DC8-9AE6-0F5178C97EF3}.AppStore|x86.ActiveCfg = Release|x86
		{7DE5DD90-9F84-4DC8-9AE6-0F5178C97EF3}.AppStore|x86.Build.0 = Release|x86
		{7DE5DD90-9F84-4DC8-9AE6-0F5178C97EF3}.AppStore|x86.Deploy.0 = Release|x86
		{7DE5DD90-9F84-4DC8-9AE6-0F5178C97EF3}.Debug|Any CPU.ActiveCfg = Debug|Any CPU
		{7DE5DD90-9F84-4DC8-9AE6-0F5178C97EF3}.Debug|Any CPU.Build.0 = Debug|Any CPU
		{7DE5DD90-9F84-4DC8-9AE6-0F5178C97EF3}.Debug|Any CPU.Deploy.0 = Debug|Any CPU
		{7DE5DD90-9F84-4DC8-9AE6-0F5178C97EF3}.Debug|ARM.ActiveCfg = Debug|ARM
		{7DE5DD90-9F84-4DC8-9AE6-0F5178C97EF3}.Debug|ARM.Build.0 = Debug|ARM
		{7DE5DD90-9F84-4DC8-9AE6-0F5178C97EF3}.Debug|ARM.Deploy.0 = Debug|ARM
		{7DE5DD90-9F84-4DC8-9AE6-0F5178C97EF3}.Debug|x64.ActiveCfg = Debug|Any CPU
		{7DE5DD90-9F84-4DC8-9AE6-0F5178C97EF3}.Debug|x64.Build.0 = Debug|Any CPU
		{7DE5DD90-9F84-4DC8-9AE6-0F5178C97EF3}.Debug|x64.Deploy.0 = Debug|Any CPU
		{7DE5DD90-9F84-4DC8-9AE6-0F5178C97EF3}.Debug|x86.ActiveCfg = Debug|x86
		{7DE5DD90-9F84-4DC8-9AE6-0F5178C97EF3}.Debug|x86.Build.0 = Debug|x86
		{7DE5DD90-9F84-4DC8-9AE6-0F5178C97EF3}.Debug|x86.Deploy.0 = Debug|x86
		{7DE5DD90-9F84-4DC8-9AE6-0F5178C97EF3}.Release|Any CPU.ActiveCfg = Release|Any CPU
		{7DE5DD90-9F84-4DC8-9AE6-0F5178C97EF3}.Release|Any CPU.Build.0 = Release|Any CPU
		{7DE5DD90-9F84-4DC8-9AE6-0F5178C97EF3}.Release|Any CPU.Deploy.0 = Release|Any CPU
		{7DE5DD90-9F84-4DC8-9AE6-0F5178C97EF3}.Release|ARM.ActiveCfg = Release|ARM
		{7DE5DD90-9F84-4DC8-9AE6-0F5178C97EF3}.Release|ARM.Build.0 = Release|ARM
		{7DE5DD90-9F84-4DC8-9AE6-0F5178C97EF3}.Release|ARM.Deploy.0 = Release|ARM
		{7DE5DD90-9F84-4DC8-9AE6-0F5178C97EF3}.Release|x64.ActiveCfg = Release|Any CPU
		{7DE5DD90-9F84-4DC8-9AE6-0F5178C97EF3}.Release|x64.Build.0 = Release|Any CPU
		{7DE5DD90-9F84-4DC8-9AE6-0F5178C97EF3}.Release|x64.Deploy.0 = Release|Any CPU
		{7DE5DD90-9F84-4DC8-9AE6-0F5178C97EF3}.Release|x86.ActiveCfg = Release|x86
		{7DE5DD90-9F84-4DC8-9AE6-0F5178C97EF3}.Release|x86.Build.0 = Release|x86
		{7DE5DD90-9F84-4DC8-9AE6-0F5178C97EF3}.Release|x86.Deploy.0 = Release|x86
		{7DE5DD90-9F84-4DC8-9AE6-0F5178C97EF3}.Debug|iPhoneSimulator.ActiveCfg = Debug|Any CPU
		{7DE5DD90-9F84-4DC8-9AE6-0F5178C97EF3}.Debug|iPhoneSimulator.Build.0 = Debug|Any CPU
		{7DE5DD90-9F84-4DC8-9AE6-0F5178C97EF3}.Release|iPhoneSimulator.ActiveCfg = Release|Any CPU
		{7DE5DD90-9F84-4DC8-9AE6-0F5178C97EF3}.Release|iPhoneSimulator.Build.0 = Release|Any CPU
		{7DE5DD90-9F84-4DC8-9AE6-0F5178C97EF3}.Debug|iPhone.ActiveCfg = Debug|Any CPU
		{7DE5DD90-9F84-4DC8-9AE6-0F5178C97EF3}.Debug|iPhone.Build.0 = Debug|Any CPU
		{7DE5DD90-9F84-4DC8-9AE6-0F5178C97EF3}.Release|iPhone.ActiveCfg = Release|Any CPU
		{7DE5DD90-9F84-4DC8-9AE6-0F5178C97EF3}.Release|iPhone.Build.0 = Release|Any CPU
		{7DE5DD90-9F84-4DC8-9AE6-0F5178C97EF3}.Ad-Hoc|iPhone.ActiveCfg = Debug|Any CPU
		{7DE5DD90-9F84-4DC8-9AE6-0F5178C97EF3}.Ad-Hoc|iPhone.Build.0 = Debug|Any CPU
		{7DE5DD90-9F84-4DC8-9AE6-0F5178C97EF3}.AppStore|iPhone.ActiveCfg = Debug|Any CPU
		{7DE5DD90-9F84-4DC8-9AE6-0F5178C97EF3}.AppStore|iPhone.Build.0 = Debug|Any CPU
		{43572BD9-53DA-4178-B21D-1E1E2EBBAD68}.AppStore|Any CPU.ActiveCfg = Release|x86
		{43572BD9-53DA-4178-B21D-1E1E2EBBAD68}.AppStore|Any CPU.Build.0 = Release|x86
		{43572BD9-53DA-4178-B21D-1E1E2EBBAD68}.AppStore|Any CPU.Deploy.0 = Release|x86
		{43572BD9-53DA-4178-B21D-1E1E2EBBAD68}.AppStore|ARM.ActiveCfg = Release|ARM
		{43572BD9-53DA-4178-B21D-1E1E2EBBAD68}.AppStore|ARM.Build.0 = Release|ARM
		{43572BD9-53DA-4178-B21D-1E1E2EBBAD68}.AppStore|ARM.Deploy.0 = Release|ARM
		{43572BD9-53DA-4178-B21D-1E1E2EBBAD68}.AppStore|x64.ActiveCfg = Release|x64
		{43572BD9-53DA-4178-B21D-1E1E2EBBAD68}.AppStore|x64.Build.0 = Release|x64
		{43572BD9-53DA-4178-B21D-1E1E2EBBAD68}.AppStore|x64.Deploy.0 = Release|x64
		{43572BD9-53DA-4178-B21D-1E1E2EBBAD68}.AppStore|x86.ActiveCfg = Release|x86
		{43572BD9-53DA-4178-B21D-1E1E2EBBAD68}.AppStore|x86.Build.0 = Release|x86
		{43572BD9-53DA-4178-B21D-1E1E2EBBAD68}.AppStore|x86.Deploy.0 = Release|x86
		{43572BD9-53DA-4178-B21D-1E1E2EBBAD68}.Debug|Any CPU.ActiveCfg = Debug|x86
		{43572BD9-53DA-4178-B21D-1E1E2EBBAD68}.Debug|ARM.ActiveCfg = Debug|ARM
		{43572BD9-53DA-4178-B21D-1E1E2EBBAD68}.Debug|ARM.Build.0 = Debug|ARM
		{43572BD9-53DA-4178-B21D-1E1E2EBBAD68}.Debug|ARM.Deploy.0 = Debug|ARM
		{43572BD9-53DA-4178-B21D-1E1E2EBBAD68}.Debug|x64.ActiveCfg = Debug|x64
		{43572BD9-53DA-4178-B21D-1E1E2EBBAD68}.Debug|x64.Build.0 = Debug|x64
		{43572BD9-53DA-4178-B21D-1E1E2EBBAD68}.Debug|x64.Deploy.0 = Debug|x64
		{43572BD9-53DA-4178-B21D-1E1E2EBBAD68}.Debug|x86.ActiveCfg = Debug|x86
		{43572BD9-53DA-4178-B21D-1E1E2EBBAD68}.Debug|x86.Build.0 = Debug|x86
		{43572BD9-53DA-4178-B21D-1E1E2EBBAD68}.Debug|x86.Deploy.0 = Debug|x86
		{43572BD9-53DA-4178-B21D-1E1E2EBBAD68}.Release|Any CPU.ActiveCfg = Release|x86
		{43572BD9-53DA-4178-B21D-1E1E2EBBAD68}.Release|ARM.ActiveCfg = Release|ARM
		{43572BD9-53DA-4178-B21D-1E1E2EBBAD68}.Release|ARM.Build.0 = Release|ARM
		{43572BD9-53DA-4178-B21D-1E1E2EBBAD68}.Release|ARM.Deploy.0 = Release|ARM
		{43572BD9-53DA-4178-B21D-1E1E2EBBAD68}.Release|x64.ActiveCfg = Release|x64
		{43572BD9-53DA-4178-B21D-1E1E2EBBAD68}.Release|x64.Build.0 = Release|x64
		{43572BD9-53DA-4178-B21D-1E1E2EBBAD68}.Release|x64.Deploy.0 = Release|x64
		{43572BD9-53DA-4178-B21D-1E1E2EBBAD68}.Release|x86.ActiveCfg = Release|x86
		{43572BD9-53DA-4178-B21D-1E1E2EBBAD68}.Release|x86.Build.0 = Release|x86
		{43572BD9-53DA-4178-B21D-1E1E2EBBAD68}.Release|x86.Deploy.0 = Release|x86
		{43572BD9-53DA-4178-B21D-1E1E2EBBAD68}.Debug|iPhoneSimulator.ActiveCfg = Debug|ARM
		{43572BD9-53DA-4178-B21D-1E1E2EBBAD68}.Debug|iPhoneSimulator.Build.0 = Debug|ARM
		{43572BD9-53DA-4178-B21D-1E1E2EBBAD68}.Release|iPhoneSimulator.ActiveCfg = Release|ARM
		{43572BD9-53DA-4178-B21D-1E1E2EBBAD68}.Release|iPhoneSimulator.Build.0 = Release|ARM
		{43572BD9-53DA-4178-B21D-1E1E2EBBAD68}.Debug|iPhone.ActiveCfg = Debug|ARM
		{43572BD9-53DA-4178-B21D-1E1E2EBBAD68}.Debug|iPhone.Build.0 = Debug|ARM
		{43572BD9-53DA-4178-B21D-1E1E2EBBAD68}.Release|iPhone.ActiveCfg = Release|ARM
		{43572BD9-53DA-4178-B21D-1E1E2EBBAD68}.Release|iPhone.Build.0 = Release|ARM
		{43572BD9-53DA-4178-B21D-1E1E2EBBAD68}.Ad-Hoc|iPhone.ActiveCfg = Debug|ARM
		{43572BD9-53DA-4178-B21D-1E1E2EBBAD68}.Ad-Hoc|iPhone.Build.0 = Debug|ARM
		{43572BD9-53DA-4178-B21D-1E1E2EBBAD68}.AppStore|iPhone.ActiveCfg = Debug|ARM
		{43572BD9-53DA-4178-B21D-1E1E2EBBAD68}.AppStore|iPhone.Build.0 = Debug|ARM
		{AC97BEC5-8F96-474D-9B37-29A4356CEF89}.AppStore|Any CPU.ActiveCfg = Release|Any CPU
		{AC97BEC5-8F96-474D-9B37-29A4356CEF89}.AppStore|Any CPU.Build.0 = Release|Any CPU
		{AC97BEC5-8F96-474D-9B37-29A4356CEF89}.AppStore|Any CPU.Deploy.0 = Release|Any CPU
		{AC97BEC5-8F96-474D-9B37-29A4356CEF89}.AppStore|ARM.ActiveCfg = Release|ARM
		{AC97BEC5-8F96-474D-9B37-29A4356CEF89}.AppStore|ARM.Build.0 = Release|ARM
		{AC97BEC5-8F96-474D-9B37-29A4356CEF89}.AppStore|ARM.Deploy.0 = Release|ARM
		{AC97BEC5-8F96-474D-9B37-29A4356CEF89}.AppStore|x64.ActiveCfg = Release|x64
		{AC97BEC5-8F96-474D-9B37-29A4356CEF89}.AppStore|x64.Build.0 = Release|x64
		{AC97BEC5-8F96-474D-9B37-29A4356CEF89}.AppStore|x64.Deploy.0 = Release|x64
		{AC97BEC5-8F96-474D-9B37-29A4356CEF89}.AppStore|x86.ActiveCfg = Release|x86
		{AC97BEC5-8F96-474D-9B37-29A4356CEF89}.AppStore|x86.Build.0 = Release|x86
		{AC97BEC5-8F96-474D-9B37-29A4356CEF89}.AppStore|x86.Deploy.0 = Release|x86
		{AC97BEC5-8F96-474D-9B37-29A4356CEF89}.Debug|Any CPU.ActiveCfg = Debug|Any CPU
		{AC97BEC5-8F96-474D-9B37-29A4356CEF89}.Debug|Any CPU.Build.0 = Debug|Any CPU
		{AC97BEC5-8F96-474D-9B37-29A4356CEF89}.Debug|Any CPU.Deploy.0 = Debug|Any CPU
		{AC97BEC5-8F96-474D-9B37-29A4356CEF89}.Debug|ARM.ActiveCfg = Debug|ARM
		{AC97BEC5-8F96-474D-9B37-29A4356CEF89}.Debug|ARM.Build.0 = Debug|ARM
		{AC97BEC5-8F96-474D-9B37-29A4356CEF89}.Debug|ARM.Deploy.0 = Debug|ARM
		{AC97BEC5-8F96-474D-9B37-29A4356CEF89}.Debug|x64.ActiveCfg = Debug|x64
		{AC97BEC5-8F96-474D-9B37-29A4356CEF89}.Debug|x64.Build.0 = Debug|x64
		{AC97BEC5-8F96-474D-9B37-29A4356CEF89}.Debug|x64.Deploy.0 = Debug|x64
		{AC97BEC5-8F96-474D-9B37-29A4356CEF89}.Debug|x86.ActiveCfg = Debug|x86
		{AC97BEC5-8F96-474D-9B37-29A4356CEF89}.Debug|x86.Build.0 = Debug|x86
		{AC97BEC5-8F96-474D-9B37-29A4356CEF89}.Debug|x86.Deploy.0 = Debug|x86
		{AC97BEC5-8F96-474D-9B37-29A4356CEF89}.Release|Any CPU.ActiveCfg = Release|Any CPU
		{AC97BEC5-8F96-474D-9B37-29A4356CEF89}.Release|Any CPU.Build.0 = Release|Any CPU
		{AC97BEC5-8F96-474D-9B37-29A4356CEF89}.Release|Any CPU.Deploy.0 = Release|Any CPU
		{AC97BEC5-8F96-474D-9B37-29A4356CEF89}.Release|ARM.ActiveCfg = Release|ARM
		{AC97BEC5-8F96-474D-9B37-29A4356CEF89}.Release|ARM.Build.0 = Release|ARM
		{AC97BEC5-8F96-474D-9B37-29A4356CEF89}.Release|ARM.Deploy.0 = Release|ARM
		{AC97BEC5-8F96-474D-9B37-29A4356CEF89}.Release|x64.ActiveCfg = Release|x64
		{AC97BEC5-8F96-474D-9B37-29A4356CEF89}.Release|x64.Build.0 = Release|x64
		{AC97BEC5-8F96-474D-9B37-29A4356CEF89}.Release|x64.Deploy.0 = Release|x64
		{AC97BEC5-8F96-474D-9B37-29A4356CEF89}.Release|x86.ActiveCfg = Release|x86
		{AC97BEC5-8F96-474D-9B37-29A4356CEF89}.Release|x86.Build.0 = Release|x86
		{AC97BEC5-8F96-474D-9B37-29A4356CEF89}.Release|x86.Deploy.0 = Release|x86
		{AC97BEC5-8F96-474D-9B37-29A4356CEF89}.Debug|iPhoneSimulator.ActiveCfg = Debug|Any CPU
		{AC97BEC5-8F96-474D-9B37-29A4356CEF89}.Debug|iPhoneSimulator.Build.0 = Debug|Any CPU
		{AC97BEC5-8F96-474D-9B37-29A4356CEF89}.Release|iPhoneSimulator.ActiveCfg = Release|Any CPU
		{AC97BEC5-8F96-474D-9B37-29A4356CEF89}.Release|iPhoneSimulator.Build.0 = Release|Any CPU
		{AC97BEC5-8F96-474D-9B37-29A4356CEF89}.Debug|iPhone.ActiveCfg = Debug|Any CPU
		{AC97BEC5-8F96-474D-9B37-29A4356CEF89}.Debug|iPhone.Build.0 = Debug|Any CPU
		{AC97BEC5-8F96-474D-9B37-29A4356CEF89}.Release|iPhone.ActiveCfg = Release|Any CPU
		{AC97BEC5-8F96-474D-9B37-29A4356CEF89}.Release|iPhone.Build.0 = Release|Any CPU
		{AC97BEC5-8F96-474D-9B37-29A4356CEF89}.Ad-Hoc|iPhone.ActiveCfg = Debug|Any CPU
		{AC97BEC5-8F96-474D-9B37-29A4356CEF89}.Ad-Hoc|iPhone.Build.0 = Debug|Any CPU
		{AC97BEC5-8F96-474D-9B37-29A4356CEF89}.AppStore|iPhone.ActiveCfg = Debug|Any CPU
		{AC97BEC5-8F96-474D-9B37-29A4356CEF89}.AppStore|iPhone.Build.0 = Debug|Any CPU
		{44E61FBA-6A36-4A18-9E51-F32521DC503E}.AppStore|Any CPU.ActiveCfg = Release|Any CPU
		{44E61FBA-6A36-4A18-9E51-F32521DC503E}.AppStore|Any CPU.Build.0 = Release|Any CPU
		{44E61FBA-6A36-4A18-9E51-F32521DC503E}.AppStore|ARM.ActiveCfg = Release|Any CPU
		{44E61FBA-6A36-4A18-9E51-F32521DC503E}.AppStore|ARM.Build.0 = Release|Any CPU
		{44E61FBA-6A36-4A18-9E51-F32521DC503E}.AppStore|x64.ActiveCfg = Release|Any CPU
		{44E61FBA-6A36-4A18-9E51-F32521DC503E}.AppStore|x64.Build.0 = Release|Any CPU
		{44E61FBA-6A36-4A18-9E51-F32521DC503E}.AppStore|x86.ActiveCfg = Release|Any CPU
		{44E61FBA-6A36-4A18-9E51-F32521DC503E}.AppStore|x86.Build.0 = Release|Any CPU
		{44E61FBA-6A36-4A18-9E51-F32521DC503E}.Debug|Any CPU.ActiveCfg = Debug|Any CPU
		{44E61FBA-6A36-4A18-9E51-F32521DC503E}.Debug|Any CPU.Build.0 = Debug|Any CPU
		{44E61FBA-6A36-4A18-9E51-F32521DC503E}.Debug|ARM.ActiveCfg = Debug|Any CPU
		{44E61FBA-6A36-4A18-9E51-F32521DC503E}.Debug|ARM.Build.0 = Debug|Any CPU
		{44E61FBA-6A36-4A18-9E51-F32521DC503E}.Debug|x64.ActiveCfg = Debug|Any CPU
		{44E61FBA-6A36-4A18-9E51-F32521DC503E}.Debug|x64.Build.0 = Debug|Any CPU
		{44E61FBA-6A36-4A18-9E51-F32521DC503E}.Debug|x86.ActiveCfg = Debug|Any CPU
		{44E61FBA-6A36-4A18-9E51-F32521DC503E}.Debug|x86.Build.0 = Debug|Any CPU
		{44E61FBA-6A36-4A18-9E51-F32521DC503E}.Release|Any CPU.ActiveCfg = Release|Any CPU
		{44E61FBA-6A36-4A18-9E51-F32521DC503E}.Release|Any CPU.Build.0 = Release|Any CPU
		{44E61FBA-6A36-4A18-9E51-F32521DC503E}.Release|ARM.ActiveCfg = Release|Any CPU
		{44E61FBA-6A36-4A18-9E51-F32521DC503E}.Release|ARM.Build.0 = Release|Any CPU
		{44E61FBA-6A36-4A18-9E51-F32521DC503E}.Release|x64.ActiveCfg = Release|Any CPU
		{44E61FBA-6A36-4A18-9E51-F32521DC503E}.Release|x64.Build.0 = Release|Any CPU
		{44E61FBA-6A36-4A18-9E51-F32521DC503E}.Release|x86.ActiveCfg = Release|Any CPU
		{44E61FBA-6A36-4A18-9E51-F32521DC503E}.Release|x86.Build.0 = Release|Any CPU
		{44E61FBA-6A36-4A18-9E51-F32521DC503E}.Debug|iPhoneSimulator.ActiveCfg = Debug|Any CPU
		{44E61FBA-6A36-4A18-9E51-F32521DC503E}.Debug|iPhoneSimulator.Build.0 = Debug|Any CPU
		{44E61FBA-6A36-4A18-9E51-F32521DC503E}.Release|iPhoneSimulator.ActiveCfg = Release|Any CPU
		{44E61FBA-6A36-4A18-9E51-F32521DC503E}.Release|iPhoneSimulator.Build.0 = Release|Any CPU
		{44E61FBA-6A36-4A18-9E51-F32521DC503E}.Debug|iPhone.ActiveCfg = Debug|Any CPU
		{44E61FBA-6A36-4A18-9E51-F32521DC503E}.Debug|iPhone.Build.0 = Debug|Any CPU
		{44E61FBA-6A36-4A18-9E51-F32521DC503E}.Release|iPhone.ActiveCfg = Release|Any CPU
		{44E61FBA-6A36-4A18-9E51-F32521DC503E}.Release|iPhone.Build.0 = Release|Any CPU
		{44E61FBA-6A36-4A18-9E51-F32521DC503E}.Ad-Hoc|iPhone.ActiveCfg = Debug|Any CPU
		{44E61FBA-6A36-4A18-9E51-F32521DC503E}.Ad-Hoc|iPhone.Build.0 = Debug|Any CPU
		{44E61FBA-6A36-4A18-9E51-F32521DC503E}.AppStore|iPhone.ActiveCfg = Debug|Any CPU
		{44E61FBA-6A36-4A18-9E51-F32521DC503E}.AppStore|iPhone.Build.0 = Debug|Any CPU
		{62071B49-4EF7-4528-B6B0-D8339B62EFA2}.AppStore|Any CPU.ActiveCfg = AppStore|iPhone
		{62071B49-4EF7-4528-B6B0-D8339B62EFA2}.AppStore|Any CPU.Build.0 = AppStore|iPhone
		{62071B49-4EF7-4528-B6B0-D8339B62EFA2}.AppStore|ARM.ActiveCfg = AppStore|iPhone
		{62071B49-4EF7-4528-B6B0-D8339B62EFA2}.AppStore|ARM.Build.0 = AppStore|iPhone
		{62071B49-4EF7-4528-B6B0-D8339B62EFA2}.AppStore|x64.ActiveCfg = AppStore|iPhone
		{62071B49-4EF7-4528-B6B0-D8339B62EFA2}.AppStore|x64.Build.0 = AppStore|iPhone
		{62071B49-4EF7-4528-B6B0-D8339B62EFA2}.AppStore|x86.ActiveCfg = AppStore|iPhone
		{62071B49-4EF7-4528-B6B0-D8339B62EFA2}.AppStore|x86.Build.0 = AppStore|iPhone
		{62071B49-4EF7-4528-B6B0-D8339B62EFA2}.Debug|Any CPU.ActiveCfg = Debug|iPhoneSimulator
		{62071B49-4EF7-4528-B6B0-D8339B62EFA2}.Debug|Any CPU.Build.0 = Debug|iPhoneSimulator
		{62071B49-4EF7-4528-B6B0-D8339B62EFA2}.Debug|ARM.ActiveCfg = Debug|iPhoneSimulator
		{62071B49-4EF7-4528-B6B0-D8339B62EFA2}.Debug|ARM.Build.0 = Debug|iPhoneSimulator
		{62071B49-4EF7-4528-B6B0-D8339B62EFA2}.Debug|x64.ActiveCfg = Debug|iPhoneSimulator
		{62071B49-4EF7-4528-B6B0-D8339B62EFA2}.Debug|x64.Build.0 = Debug|iPhoneSimulator
		{62071B49-4EF7-4528-B6B0-D8339B62EFA2}.Debug|x86.ActiveCfg = Debug|iPhoneSimulator
		{62071B49-4EF7-4528-B6B0-D8339B62EFA2}.Debug|x86.Build.0 = Debug|iPhoneSimulator
		{62071B49-4EF7-4528-B6B0-D8339B62EFA2}.Release|Any CPU.ActiveCfg = Release|iPhoneSimulator
		{62071B49-4EF7-4528-B6B0-D8339B62EFA2}.Release|Any CPU.Build.0 = Release|iPhoneSimulator
		{62071B49-4EF7-4528-B6B0-D8339B62EFA2}.Release|ARM.ActiveCfg = Release|iPhoneSimulator
		{62071B49-4EF7-4528-B6B0-D8339B62EFA2}.Release|ARM.Build.0 = Release|iPhoneSimulator
		{62071B49-4EF7-4528-B6B0-D8339B62EFA2}.Release|x64.ActiveCfg = Release|iPhoneSimulator
		{62071B49-4EF7-4528-B6B0-D8339B62EFA2}.Release|x64.Build.0 = Release|iPhoneSimulator
		{62071B49-4EF7-4528-B6B0-D8339B62EFA2}.Release|x86.ActiveCfg = Release|iPhoneSimulator
		{62071B49-4EF7-4528-B6B0-D8339B62EFA2}.Release|x86.Build.0 = Release|iPhoneSimulator
		{62071B49-4EF7-4528-B6B0-D8339B62EFA2}.Debug|iPhoneSimulator.ActiveCfg = Debug|iPhoneSimulator
		{62071B49-4EF7-4528-B6B0-D8339B62EFA2}.Debug|iPhoneSimulator.Build.0 = Debug|iPhoneSimulator
		{62071B49-4EF7-4528-B6B0-D8339B62EFA2}.Release|iPhoneSimulator.ActiveCfg = Release|iPhoneSimulator
		{62071B49-4EF7-4528-B6B0-D8339B62EFA2}.Release|iPhoneSimulator.Build.0 = Release|iPhoneSimulator
		{62071B49-4EF7-4528-B6B0-D8339B62EFA2}.Debug|iPhone.ActiveCfg = Debug|iPhone
		{62071B49-4EF7-4528-B6B0-D8339B62EFA2}.Debug|iPhone.Build.0 = Debug|iPhone
		{62071B49-4EF7-4528-B6B0-D8339B62EFA2}.Release|iPhone.ActiveCfg = Release|iPhone
		{62071B49-4EF7-4528-B6B0-D8339B62EFA2}.Release|iPhone.Build.0 = Release|iPhone
		{62071B49-4EF7-4528-B6B0-D8339B62EFA2}.Ad-Hoc|iPhone.ActiveCfg = Ad-Hoc|iPhone
		{62071B49-4EF7-4528-B6B0-D8339B62EFA2}.Ad-Hoc|iPhone.Build.0 = Ad-Hoc|iPhone
		{62071B49-4EF7-4528-B6B0-D8339B62EFA2}.AppStore|iPhone.ActiveCfg = AppStore|iPhone
		{62071B49-4EF7-4528-B6B0-D8339B62EFA2}.AppStore|iPhone.Build.0 = AppStore|iPhone
	EndGlobalSection
	GlobalSection(SolutionProperties) = preSolution
		HideSolutionNode = FALSE
	EndGlobalSection
	GlobalSection(NestedProjects) = preSolution
		{A6FCEF44-D2BA-42C7-B3CB-13667BCD7B54} = {96BA5712-5735-4A11-AC60-BEBD09B444DB}
		{6EDB0588-FFC5-4EF5-8A99-9E241D0F878D} = {96BA5712-5735-4A11-AC60-BEBD09B444DB}
		{2882AEEB-D4CD-4EB9-8A6C-6653B33681F0} = {96BA5712-5735-4A11-AC60-BEBD09B444DB}
		{56A56F17-7DE1-4CA1-9617-BF32E971AC84} = {96BA5712-5735-4A11-AC60-BEBD09B444DB}
		{ED9A4CA1-C04C-457D-9A2E-7995CCF12356} = {96BA5712-5735-4A11-AC60-BEBD09B444DB}
		{0873EB42-44BE-4B5E-B3D7-E4EEB734374C} = {96BA5712-5735-4A11-AC60-BEBD09B444DB}
		{595E20AE-94A5-4B07-9FC6-C3AAD44C520E} = {BAC7E08F-1F90-4A7B-882F-56CF864F15CF}
		{7DE5DD90-9F84-4DC8-9AE6-0F5178C97EF3} = {BAC7E08F-1F90-4A7B-882F-56CF864F15CF}
		{43572BD9-53DA-4178-B21D-1E1E2EBBAD68} = {BAC7E08F-1F90-4A7B-882F-56CF864F15CF}
		{AC97BEC5-8F96-474D-9B37-29A4356CEF89} = {BAC7E08F-1F90-4A7B-882F-56CF864F15CF}
		{44E61FBA-6A36-4A18-9E51-F32521DC503E} = {BAC7E08F-1F90-4A7B-882F-56CF864F15CF}
		{62071B49-4EF7-4528-B6B0-D8339B62EFA2} = {BAC7E08F-1F90-4A7B-882F-56CF864F15CF}
	EndGlobalSection
EndGlobal
